<?xml version="1.0" encoding="utf-8"?>
<Project ToolsVersion="4.0" xmlns="http://schemas.microsoft.com/developer/msbuild/2003">
  <ItemGroup>
    <Filter Include="Source Files">
      <UniqueIdentifier>{4FC737F1-C7A5-4376-A066-2A32D752A2FF}</UniqueIdentifier>
      <Extensions>cpp;c;cc;cxx;c++;cppm;ixx;def;odl;idl;hpj;bat;asm;asmx</Extensions>
    </Filter>
    <Filter Include="Application">
      <UniqueIdentifier>{57a4c0b4-e615-4d7d-8ef7-1127d57d4ab3}</UniqueIdentifier>
    </Filter>
    <Filter Include="Card">
      <UniqueIdentifier>{f97b8596-971f-40ae-ac5a-fdbe82d05f1b}</UniqueIdentifier>
    </Filter>
    <Filter Include="Terminal">
      <UniqueIdentifier>{d54fcc8f-e5a7-4c0a-8703-c2ce8ccd80a6}</UniqueIdentifier>
    </Filter>
    <Filter Include="Server">
      <UniqueIdentifier>{aee592d6-0223-4c59-bb4a-4a6ff4037a67}</UniqueIdentifier>
    </Filter>
  </ItemGroup>
  <ItemGroup>
    <ClCompile Include="main.c">
      <Filter>Source Files</Filter>
    </ClCompile>
    <ClCompile Include="Terminal\terminal.c">
      <Filter>Terminal</Filter>
    </ClCompile>
    <ClCompile Include="Server\server.c">
      <Filter>Server</Filter>
    </ClCompile>
    <ClCompile Include="Card\card.c">
      <Filter>Card</Filter>
    </ClCompile>
    <ClCompile Include="Application\app.c">
      <Filter>Application</Filter>
    </ClCompile>
  </ItemGroup>
  <ItemGroup>
    <ClInclude Include="Terminal\terminal.h">
      <Filter>Terminal</Filter>
    </ClInclude>
    <ClInclude Include="Server\server.h">
      <Filter>Server</Filter>
    </ClInclude>
    <ClInclude Include="Card\card.h">
      <Filter>Card</Filter>
    </ClInclude>
    <ClInclude Include="Application\app.h">
      <Filter>Application</Filter>
    </ClInclude>
  </ItemGroup>
</Project>